
Microsoft Visual Studio Solution File, Format Version 12.00
# Visual Studio Version 17
VisualStudioVersion = 17.5.002.0
MinimumVisualStudioVersion = 10.0.40219.1
Project("{9A19103F-16F7-4668-BE54-9A1E7A4F7556}") = "Tr-ning-prov-2-prog", "Tr-ning-prov-2-prog.csproj", "{58D774B3-DA6E-48CC-AECD-A347707928BE}"
EndProject
Global
	GlobalSection(SolutionConfigurationPlatforms) = preSolution
		Debug|Any CPU = Debug|Any CPU
		Release|Any CPU = Release|Any CPU
	EndGlobalSection
	GlobalSection(ProjectConfigurationPlatforms) = postSolution
		{58D774B3-DA6E-48CC-AECD-A347707928BE}.Debug|Any CPU.ActiveCfg = Debug|Any CPU
		{58D774B3-DA6E-48CC-AECD-A347707928BE}.Debug|Any CPU.Build.0 = Debug|Any CPU
		{58D774B3-DA6E-48CC-AECD-A347707928BE}.Release|Any CPU.ActiveCfg = Release|Any CPU
		{58D774B3-DA6E-48CC-AECD-A347707928BE}.Release|Any CPU.Build.0 = Release|Any CPU
	EndGlobalSection
	GlobalSection(SolutionProperties) = preSolution
		HideSolutionNode = FALSE
	EndGlobalSection
	GlobalSection(ExtensibilityGlobals) = postSolution
		SolutionGuid = {2A21B4C3-EE42-4DFA-9088-2E8C5C08C594}
	EndGlobalSection
EndGlobal
